// !$*UTF8*$!
{
	archiveVersion = 1;
	classes = {};
	objectVersion = 56;
	objects = {
		000000000000000000000001 /* HarnessShellApp.swift */ = { isa = PBXFileReference; lastKnownFileType = sourcecode.swift; path = HarnessShellApp.swift; sourceTree = "<group>"; };
		000000000000000000000002 /* HarnessShellApp.swift build */ = { isa = PBXBuildFile; fileRef = 000000000000000000000001; };
		000000000000000000000003 /* ContentView.swift */ = { isa = PBXFileReference; lastKnownFileType = sourcecode.swift; path = ContentView.swift; sourceTree = "<group>"; };
		000000000000000000000004 /* ContentView.swift build */ = { isa = PBXBuildFile; fileRef = 000000000000000000000003; };
		000000000000000000000005 /* SmokeCounter.swift */ = { isa = PBXFileReference; lastKnownFileType = sourcecode.swift; path = SmokeCounter.swift; sourceTree = "<group>"; };
		000000000000000000000006 /* SmokeCounter.swift build */ = { isa = PBXBuildFile; fileRef = 000000000000000000000005; };
		000000000000000000000007 /* HarnessShell group */ = { isa = PBXGroup; children = (000000000000000000000001, 000000000000000000000003, 000000000000000000000005,); path = HarnessShell; sourceTree = "<group>"; };
		000000000000000000000008 /* HarnessShell product */ = { isa = PBXFileReference; explicitFileType = wrapper.application; includeInIndex = 0; path = HarnessShell.app; sourceTree = BUILT_PRODUCTS_DIR; };
		000000000000000000000009 /* HarnessShell sources */ = { isa = PBXSourcesBuildPhase; buildActionMask = 2147483647; files = (000000000000000000000002, 000000000000000000000004, 000000000000000000000006,); runOnlyForDeploymentPostprocessing = 0; };
		00000000000000000000000A /* HarnessShell frameworks */ = { isa = PBXFrameworksBuildPhase; buildActionMask = 2147483647; files = (); runOnlyForDeploymentPostprocessing = 0; };
		00000000000000000000000B /* HarnessShell resources */ = { isa = PBXResourcesBuildPhase; buildActionMask = 2147483647; files = (); runOnlyForDeploymentPostprocessing = 0; };
		00000000000000000000000C /* HarnessShellDebug */ = { isa = XCBuildConfiguration; buildSettings = { CODE_SIGN_STYLE = Automatic; GENERATE_INFOPLIST_FILE = YES; PRODUCT_BUNDLE_IDENTIFIER = "dev.local.tarotharness.HarnessShell"; PRODUCT_NAME = "$(TARGET_NAME)"; SWIFT_VERSION = 5.0; TARGETED_DEVICE_FAMILY = 1; INFOPLIST_KEY_UIApplicationSceneManifest_Generation = YES; INFOPLIST_KEY_UILaunchScreen_Generation = YES; INFOPLIST_KEY_UISupportedInterfaceOrientations = UIInterfaceOrientationPortrait; }; name = Debug; };
		00000000000000000000000D /* HarnessShellRelease */ = { isa = XCBuildConfiguration; buildSettings = { CODE_SIGN_STYLE = Automatic; GENERATE_INFOPLIST_FILE = YES; PRODUCT_BUNDLE_IDENTIFIER = "dev.local.tarotharness.HarnessShell"; PRODUCT_NAME = "$(TARGET_NAME)"; SWIFT_VERSION = 5.0; TARGETED_DEVICE_FAMILY = 1; INFOPLIST_KEY_UIApplicationSceneManifest_Generation = YES; INFOPLIST_KEY_UILaunchScreen_Generation = YES; INFOPLIST_KEY_UISupportedInterfaceOrientations = UIInterfaceOrientationPortrait; }; name = Release; };
		00000000000000000000000E /* HarnessShell configs */ = { isa = XCConfigurationList; buildConfigurations = (00000000000000000000000C, 00000000000000000000000D,); defaultConfigurationIsVisible = 0; defaultConfigurationName = Release; };
		00000000000000000000000F /* HarnessShell */ = { isa = PBXNativeTarget; buildConfigurationList = 00000000000000000000000E; buildPhases = (000000000000000000000009, 00000000000000000000000A, 00000000000000000000000B,); buildRules = (); dependencies = (); name = HarnessShell; productName = HarnessShell; productReference = 000000000000000000000008; productType = "com.apple.product-type.application"; };
		000000000000000000000010 /* SmokeCounterTests.swift */ = { isa = PBXFileReference; lastKnownFileType = sourcecode.swift; path = SmokeCounterTests.swift; sourceTree = "<group>"; };
		000000000000000000000011 /* SmokeCounterTests.swift build */ = { isa = PBXBuildFile; fileRef = 000000000000000000000010; };
		000000000000000000000012 /* HarnessShellTests group */ = { isa = PBXGroup; children = (000000000000000000000010,); path = HarnessShellTests; sourceTree = "<group>"; };
		000000000000000000000013 /* HarnessShellTests product */ = { isa = PBXFileReference; explicitFileType = wrapper.cfbundle; includeInIndex = 0; path = HarnessShellTests.xctest; sourceTree = BUILT_PRODUCTS_DIR; };
		000000000000000000000014 /* HarnessShellTests sources */ = { isa = PBXSourcesBuildPhase; buildActionMask = 2147483647; files = (000000000000000000000011,); runOnlyForDeploymentPostprocessing = 0; };
		000000000000000000000015 /* HarnessShellTests frameworks */ = { isa = PBXFrameworksBuildPhase; buildActionMask = 2147483647; files = (); runOnlyForDeploymentPostprocessing = 0; };
		000000000000000000000016 /* HarnessShellTests resources */ = { isa = PBXResourcesBuildPhase; buildActionMask = 2147483647; files = (); runOnlyForDeploymentPostprocessing = 0; };
		000000000000000000000017 /* HarnessShellTestsDebug */ = { isa = XCBuildConfiguration; buildSettings = { CODE_SIGN_STYLE = Automatic; GENERATE_INFOPLIST_FILE = YES; PRODUCT_BUNDLE_IDENTIFIER = "dev.local.tarotharness.HarnessShellTests"; PRODUCT_NAME = "$(TARGET_NAME)"; SWIFT_VERSION = 5.0; TARGETED_DEVICE_FAMILY = 1; BUNDLE_LOADER = "$(TEST_HOST)"; TEST_HOST = "$(BUILT_PRODUCTS_DIR)/HarnessShell.app/$(BUNDLE_EXECUTABLE_FOLDER_PATH)/HarnessShell"; }; name = Debug; };
		000000000000000000000018 /* HarnessShellTestsRelease */ = { isa = XCBuildConfiguration; buildSettings = { CODE_SIGN_STYLE = Automatic; GENERATE_INFOPLIST_FILE = YES; PRODUCT_BUNDLE_IDENTIFIER = "dev.local.tarotharness.HarnessShellTests"; PRODUCT_NAME = "$(TARGET_NAME)"; SWIFT_VERSION = 5.0; TARGETED_DEVICE_FAMILY = 1; BUNDLE_LOADER = "$(TEST_HOST)"; TEST_HOST = "$(BUILT_PRODUCTS_DIR)/HarnessShell.app/$(BUNDLE_EXECUTABLE_FOLDER_PATH)/HarnessShell"; }; name = Release; };
		000000000000000000000019 /* HarnessShellTests configs */ = { isa = XCConfigurationList; buildConfigurations = (000000000000000000000017, 000000000000000000000018,); defaultConfigurationIsVisible = 0; defaultConfigurationName = Release; };
		00000000000000000000001B /* HarnessShellTests proxy */ = { isa = PBXContainerItemProxy; containerPortal = 00000000000000000000001A; proxyType = 1; remoteGlobalIDString = 00000000000000000000000F; remoteInfo = HarnessShell; };
		00000000000000000000001C /* HarnessShellTests dependency */ = { isa = PBXTargetDependency; target = 00000000000000000000000F; targetProxy = 00000000000000000000001B; };
		00000000000000000000001D /* HarnessShellTests */ = { isa = PBXNativeTarget; buildConfigurationList = 000000000000000000000019; buildPhases = (000000000000000000000014, 000000000000000000000015, 000000000000000000000016,); buildRules = (); dependencies = (00000000000000000000001C,); name = HarnessShellTests; productName = HarnessShellTests; productReference = 000000000000000000000013; productType = "com.apple.product-type.bundle.unit-test"; };
		00000000000000000000001E /* HarnessShellUITests.swift */ = { isa = PBXFileReference; lastKnownFileType = sourcecode.swift; path = HarnessShellUITests.swift; sourceTree = "<group>"; };
		00000000000000000000001F /* HarnessShellUITests.swift build */ = { isa = PBXBuildFile; fileRef = 00000000000000000000001E; };
		000000000000000000000020 /* HarnessShellUITests group */ = { isa = PBXGroup; children = (00000000000000000000001E,); path = HarnessShellUITests; sourceTree = "<group>"; };
		000000000000000000000021 /* HarnessShellUITests product */ = { isa = PBXFileReference; explicitFileType = wrapper.cfbundle; includeInIndex = 0; path = HarnessShellUITests.xctest; sourceTree = BUILT_PRODUCTS_DIR; };
		000000000000000000000022 /* HarnessShellUITests sources */ = { isa = PBXSourcesBuildPhase; buildActionMask = 2147483647; files = (00000000000000000000001F,); runOnlyForDeploymentPostprocessing = 0; };
		000000000000000000000023 /* HarnessShellUITests frameworks */ = { isa = PBXFrameworksBuildPhase; buildActionMask = 2147483647; files = (); runOnlyForDeploymentPostprocessing = 0; };
		000000000000000000000024 /* HarnessShellUITests resources */ = { isa = PBXResourcesBuildPhase; buildActionMask = 2147483647; files = (); runOnlyForDeploymentPostprocessing = 0; };
		000000000000000000000025 /* HarnessShellUITestsDebug */ = { isa = XCBuildConfiguration; buildSettings = { CODE_SIGN_STYLE = Automatic; GENERATE_INFOPLIST_FILE = YES; PRODUCT_BUNDLE_IDENTIFIER = "dev.local.tarotharness.HarnessShellUITests"; PRODUCT_NAME = "$(TARGET_NAME)"; SWIFT_VERSION = 5.0; TARGETED_DEVICE_FAMILY = 1; TEST_TARGET_NAME = HarnessShell; }; name = Debug; };
		000000000000000000000026 /* HarnessShellUITestsRelease */ = { isa = XCBuildConfiguration; buildSettings = { CODE_SIGN_STYLE = Automatic; GENERATE_INFOPLIST_FILE = YES; PRODUCT_BUNDLE_IDENTIFIER = "dev.local.tarotharness.HarnessShellUITests"; PRODUCT_NAME = "$(TARGET_NAME)"; SWIFT_VERSION = 5.0; TARGETED_DEVICE_FAMILY = 1; TEST_TARGET_NAME = HarnessShell; }; name = Release; };
		000000000000000000000027 /* HarnessShellUITests configs */ = { isa = XCConfigurationList; buildConfigurations = (000000000000000000000025, 000000000000000000000026,); defaultConfigurationIsVisible = 0; defaultConfigurationName = Release; };
		000000000000000000000028 /* HarnessShellUITests proxy */ = { isa = PBXContainerItemProxy; containerPortal = 00000000000000000000001A; proxyType = 1; remoteGlobalIDString = 00000000000000000000000F; remoteInfo = HarnessShell; };
		000000000000000000000029 /* HarnessShellUITests dependency */ = { isa = PBXTargetDependency; target = 00000000000000000000000F; targetProxy = 000000000000000000000028; };
		00000000000000000000002A /* HarnessShellUITests */ = { isa = PBXNativeTarget; buildConfigurationList = 000000000000000000000027; buildPhases = (000000000000000000000022, 000000000000000000000023, 000000000000000000000024,); buildRules = (); dependencies = (000000000000000000000029,); name = HarnessShellUITests; productName = HarnessShellUITests; productReference = 000000000000000000000021; productType = "com.apple.product-type.bundle.ui-testing"; };
		00000000000000000000002B /* Products */ = { isa = PBXGroup; children = (000000000000000000000008, 000000000000000000000013, 000000000000000000000021,); name = Products; sourceTree = "<group>"; };
		00000000000000000000002C /* Main */ = { isa = PBXGroup; children = (000000000000000000000007, 000000000000000000000012, 000000000000000000000020, 00000000000000000000002B,); sourceTree = "<group>"; };
		00000000000000000000002D /* ProjectDebug */ = { isa = XCBuildConfiguration; buildSettings = { CLANG_ENABLE_MODULES = YES; SDKROOT = iphoneos; IPHONEOS_DEPLOYMENT_TARGET = 17.0; SUPPORTED_PLATFORMS = "iphoneos iphonesimulator"; SWIFT_OPTIMIZATION_LEVEL = "-Onone"; ENABLE_TESTABILITY = YES; DEBUG_INFORMATION_FORMAT = dwarf; }; name = Debug; };
		00000000000000000000002E /* ProjectRelease */ = { isa = XCBuildConfiguration; buildSettings = { CLANG_ENABLE_MODULES = YES; SDKROOT = iphoneos; IPHONEOS_DEPLOYMENT_TARGET = 17.0; SUPPORTED_PLATFORMS = "iphoneos iphonesimulator"; SWIFT_COMPILATION_MODE = wholemodule; DEBUG_INFORMATION_FORMAT = "dwarf-with-dsym"; }; name = Release; };
		00000000000000000000002F /* Project configs */ = { isa = XCConfigurationList; buildConfigurations = (00000000000000000000002D, 00000000000000000000002E,); defaultConfigurationIsVisible = 0; defaultConfigurationName = Release; };
		00000000000000000000001A /* Project */ = { isa = PBXProject; attributes = { BuildIndependentTargetsInParallel = YES; LastUpgradeCheck = 2600; }; buildConfigurationList = 00000000000000000000002F; compatibilityVersion = "Xcode 14.0"; developmentRegion = en; hasScannedForEncodings = 0; knownRegions = (en, Base,); mainGroup = 00000000000000000000002C; productRefGroup = 00000000000000000000002B; projectDirPath = ""; projectRoot = ""; targets = (00000000000000000000000F, 00000000000000000000001D, 00000000000000000000002A,); };
	};
	rootObject = 00000000000000000000001A;
}
